{
    "_meta": {
        "hash": {
            "sha256": "e598f41aedcf021d310fe889583347b280a9c431dd4c2557951b850dd2e1a15a"
        },
        "pipfile-spec": 6,
        "requires": {},
        "sources": [
            {
                "name": "pypi",
                "url": "https://pypi.org/simple",
                "verify_ssl": true
            }
        ]
    },
    "default": {
        "alembic": {
            "hashes": [
                "sha256:e9ffdece0eece55f4108b14b6b0f29ffc730d58e28446a434fe41a1cc5c5f266"
            ],
            "version": "==1.0.5"
        },
        "aniso8601": {
            "hashes": [
                "sha256:7849749cf00ae0680ad2bdfe4419c7a662bef19c03691a19e008c8b9a5267802",
                "sha256:94f90871fcd314a458a3d4eca1c84448efbd200e86f55fe4c733c7a40149ef50"
            ],
            "version": "==3.0.2"
        },
        "bcrypt": {
            "hashes": [
                "sha256:05d8b762cb8a9bd0ad92ee95ed34b6119200a8760b625dadacfe88537ae691a3",
                "sha256:136243dc44e5bab9b61206bd46fff3018bd80980b1a1dfbab64a22ff5745957f",
                "sha256:1de0df7a9ca76d68ec8122573ae584aab78dcfb728fc2c78ecafb15750b79465",
                "sha256:214c720cfcd394ab9fd1cac59303847b0d45cc8feeb8126ec55619c77d85ec19",
                "sha256:290e07820d408e8c81f79f848279b95cef693d6e6ce148fa6b1e573e89a4305b",
                "sha256:2d60412b11994ab91d25572f780f8461748cecdb6014c23e33b2ea0aabc99782",
                "sha256:62ff976497590c7ef714f426aff8b908f2a11686364bb01cfc7d338e86a2ee27",
                "sha256:77c99c50bd7ac4e9e9f948015c4638176ebe0a495b22b6ae4857f3ba077b12d8",
                "sha256:9af0a7e135e7f5feca9c16ba33064af545b33b7297c1bb65daedb11c0fa653c4",
                "sha256:9b08088fd103eedfd750d832819555d1f96bc8bec749c6d35a3f3de3b9e8c98d",
                "sha256:a185efb05ef8bac9a531474abfefb8323f3ec8d524d308d6720657eaeda068b5",
                "sha256:c7a733c4c309c9ab572644cf7f8779845addcd5ecf474bb5c376f05731842c41",
                "sha256:cc3f53fa3287c0fc2bc1636e9514b896d4777444b03d9e0e4f16762a856bfe8a",
                "sha256:d216ee4e8e64d43d819acaf8aa0db6cb518859072152cf35ada4987bf5c92bff",
                "sha256:db3c7d712c4049eff365f00c9236279602af17c0ba44ca759008641c7fd892b7",
                "sha256:e1bb330c56ddec65ad9ce989e9e8664901ce96badfe47853a5ed03bfeb76f91a",
                "sha256:efcaace6e2915434d84e865c44f0cfe34e802269378afbb39a4aa6381aaec78b",
                "sha256:f4431e01f1a5fdea95c78758e24c9565651499d92024ff34663b1ab12c8a10e5",
                "sha256:fd21155abee7cd4c0ba8fad5138636f2531174ea79ad1751b25dc30d833e1723"
            ],
            "version": "==3.1.5"
        },
        "bleach": {
            "hashes": [
                "sha256:48d39675b80a75f6d1c3bdbffec791cf0bbbab665cf01e20da701c77de278718",
                "sha256:73d26f018af5d5adcdabf5c1c974add4361a9c76af215fe32fdec8a6fc5fb9b9"
            ],
            "index": "pypi",
            "version": "==3.0.2"
        },
        "certifi": {
            "hashes": [
                "sha256:47f9c83ef4c0c621eaef743f133f09fa8a74a9b75f037e8624f83bd1b6626cb7",
                "sha256:993f830721089fef441cdfeb4b2c8c9df86f0c63239f06bd025a76a7daddb033"
            ],
            "version": "==2018.11.29"
        },
        "cffi": {
            "hashes": [
                "sha256:151b7eefd035c56b2b2e1eb9963c90c6302dc15fbd8c1c0a83a163ff2c7d7743",
                "sha256:1553d1e99f035ace1c0544050622b7bc963374a00c467edafac50ad7bd276aef",
                "sha256:1b0493c091a1898f1136e3f4f991a784437fac3673780ff9de3bcf46c80b6b50",
                "sha256:2ba8a45822b7aee805ab49abfe7eec16b90587f7f26df20c71dd89e45a97076f",
                "sha256:3bb6bd7266598f318063e584378b8e27c67de998a43362e8fce664c54ee52d30",
                "sha256:3c85641778460581c42924384f5e68076d724ceac0f267d66c757f7535069c93",
                "sha256:3eb6434197633b7748cea30bf0ba9f66727cdce45117a712b29a443943733257",
                "sha256:495c5c2d43bf6cebe0178eb3e88f9c4aa48d8934aa6e3cddb865c058da76756b",
                "sha256:4c91af6e967c2015729d3e69c2e51d92f9898c330d6a851bf8f121236f3defd3",
                "sha256:57b2533356cb2d8fac1555815929f7f5f14d68ac77b085d2326b571310f34f6e",
                "sha256:770f3782b31f50b68627e22f91cb182c48c47c02eb405fd689472aa7b7aa16dc",
                "sha256:79f9b6f7c46ae1f8ded75f68cf8ad50e5729ed4d590c74840471fc2823457d04",
                "sha256:7a33145e04d44ce95bcd71e522b478d282ad0eafaf34fe1ec5bbd73e662f22b6",
                "sha256:857959354ae3a6fa3da6651b966d13b0a8bed6bbc87a0de7b38a549db1d2a359",
                "sha256:87f37fe5130574ff76c17cab61e7d2538a16f843bb7bca8ebbc4b12de3078596",
                "sha256:95d5251e4b5ca00061f9d9f3d6fe537247e145a8524ae9fd30a2f8fbce993b5b",
                "sha256:9d1d3e63a4afdc29bd76ce6aa9d58c771cd1599fbba8cf5057e7860b203710dd",
                "sha256:a36c5c154f9d42ec176e6e620cb0dd275744aa1d804786a71ac37dc3661a5e95",
                "sha256:a6a5cb8809091ec9ac03edde9304b3ad82ad4466333432b16d78ef40e0cce0d5",
                "sha256:ae5e35a2c189d397b91034642cb0eab0e346f776ec2eb44a49a459e6615d6e2e",
                "sha256:b0f7d4a3df8f06cf49f9f121bead236e328074de6449866515cea4907bbc63d6",
                "sha256:b75110fb114fa366b29a027d0c9be3709579602ae111ff61674d28c93606acca",
                "sha256:ba5e697569f84b13640c9e193170e89c13c6244c24400fc57e88724ef610cd31",
                "sha256:be2a9b390f77fd7676d80bc3cdc4f8edb940d8c198ed2d8c0be1319018c778e1",
                "sha256:ca1bd81f40adc59011f58159e4aa6445fc585a32bb8ac9badf7a2c1aa23822f2",
                "sha256:d5d8555d9bfc3f02385c1c37e9f998e2011f0db4f90e250e5bc0c0a85a813085",
                "sha256:e55e22ac0a30023426564b1059b035973ec82186ddddbac867078435801c7801",
                "sha256:e90f17980e6ab0f3c2f3730e56d1fe9bcba1891eeea58966e89d352492cc74f4",
                "sha256:ecbb7b01409e9b782df5ded849c178a0aa7c906cf8c5a67368047daab282b184",
                "sha256:ed01918d545a38998bfa5902c7c00e0fee90e957ce036a4000a88e3fe2264917",
                "sha256:edabd457cd23a02965166026fd9bfd196f4324fe6032e866d0f3bd0301cd486f",
                "sha256:fdf1c1dc5bafc32bc5d08b054f94d659422b05aba244d6be4ddc1c72d9aa70fb"
            ],
            "version": "==1.11.5"
        },
        "chardet": {
            "hashes": [
                "sha256:84ab92ed1c4d4f16916e05906b6b75a6c0fb5db821cc65e70cbd64a3e2a5eaae",
                "sha256:fc323ffcaeaed0e0a02bf4d117757b98aed530d9ed4531e3e15460124c106691"
            ],
            "version": "==3.0.4"
        },
        "click": {
            "hashes": [
                "sha256:2335065e6395b9e67ca716de5f7526736bfa6ceead690adf616d925bdc622b13",
                "sha256:5b94b49521f6456670fdb30cd82a4eca9412788a93fa6dd6df72c94d5a8ff2d7"
            ],
            "index": "pypi",
            "version": "==7.0"
        },
        "cssmin": {
            "hashes": [
                "sha256:e012f0cc8401efcf2620332339011564738ae32be8c84b2e43ce8beaec1067b6"
            ],
            "index": "pypi",
            "version": "==0.2.0"
        },
        "cssselect": {
            "hashes": [
                "sha256:066d8bc5229af09617e24b3ca4d52f1f9092d9e061931f4184cd572885c23204",
                "sha256:3b5103e8789da9e936a68d993b70df732d06b8bb9a337a05ed4eb52c17ef7206"
            ],
            "version": "==1.0.3"
        },
        "flask": {
            "hashes": [
                "sha256:2271c0070dbcb5275fad4a82e29f23ab92682dc45f9dfbc22c02ba9b9322ce48",
                "sha256:a080b744b7e345ccfcbc77954861cb05b3c63786e93f2b3875e0913d44b43f05"
            ],
            "index": "pypi",
            "version": "==1.0.2"
        },
        "flask-assets": {
            "hashes": [
                "sha256:6031527b89fb3509d1581d932affa5a79dd348cfffb58d0aef99a43461d47847"
            ],
            "index": "pypi",
            "version": "==0.12"
        },
        "flask-bcrypt": {
            "hashes": [
                "sha256:d71c8585b2ee1c62024392ebdbc447438564e2c8c02b4e57b56a4cafd8d13c5f"
            ],
            "index": "pypi",
            "version": "==0.7.1"
        },
        "flask-caching": {
            "hashes": [
                "sha256:44fe827c6cc519d48fb0945fa05ae3d128af9a98f2a6e71d4702fd512534f227",
                "sha256:e34f24631ba240e09fe6241e1bf652863e0cff06a1a94598e23be526bc2e4985"
            ],
            "index": "pypi",
            "version": "==1.4.0"
        },
        "flask-hashing": {
            "hashes": [
                "sha256:7f128b4a56ed2100d1e14971719dae548b9b568119805f656c6d440097bcd85c",
                "sha256:d7fb7f9b91afaf4e1368d906f302883d63c63bd3472200fabede5bd896080e6e"
            ],
            "index": "pypi",
            "version": "==1.1"
        },
        "flask-login": {
            "hashes": [
                "sha256:c815c1ac7b3e35e2081685e389a665f2c74d7e077cb93cecabaea352da4752ec"
            ],
            "index": "pypi",
            "version": "==0.4.1"
        },
        "flask-migrate": {
            "hashes": [
                "sha256:0c42c34357b24faac63bc6e7af028c8614235f5210eded53802ced450c5392c2",
                "sha256:8356fa6a02694da34e78da1e38cf91c944b219f4bd4b89493a3b261a305994ab"
            ],
            "index": "pypi",
            "version": "==2.3.1"
        },
        "flask-misaka": {
            "hashes": [
                "sha256:1dad09a312aafc3783dd4228bcc60708e339494c1653d6bb8e1936b5c4fdeaac",
                "sha256:3aede881307b46cf9c11e3b806e6336c9bf5744bf54b75b90e561e93a5357117"
            ],
            "index": "pypi",
            "version": "==0.4.1"
        },
        "flask-oauth": {
            "git": "git://github.com/mitsuhiko/flask-oauth.git",
            "ref": "d5c3f6a229df1c3566b9bc3233311c109b4dcff9"
        },
        "flask-sqlalchemy": {
            "hashes": [
                "sha256:3bc0fac969dd8c0ace01b32060f0c729565293302f0c4269beed154b46bec50b",
                "sha256:5971b9852b5888655f11db634e87725a9031e170f37c0ce7851cf83497f56e53"
            ],
            "index": "pypi",
            "version": "==2.3.2"
        },
        "flask-wtf": {
            "hashes": [
                "sha256:5d14d55cfd35f613d99ee7cba0fc3fbbe63ba02f544d349158c14ca15561cc36",
                "sha256:d9a9e366b32dcbb98ef17228e76be15702cd2600675668bca23f63a7947fd5ac"
            ],
            "index": "pypi",
            "version": "==0.14.2"
        },
        "future": {
            "hashes": [
                "sha256:67045236dcfd6816dc439556d009594abf643e5eb48992e36beac09c2ca659b8"
            ],
            "index": "pypi",
            "version": "==0.17.1"
        },
        "graphene": {
            "hashes": [
                "sha256:b8ec446d17fa68721636eaad3d6adc1a378cb6323e219814c8f98c9928fc9642",
                "sha256:faa26573b598b22ffd274e2fd7a4c52efa405dcca96e01a62239482246248aa3"
            ],
            "index": "pypi",
            "version": "==2.1.3"
        },
        "graphql-core": {
            "hashes": [
                "sha256:889e869be5574d02af77baf1f30b5db9ca2959f1c9f5be7b2863ead5a3ec6181",
                "sha256:9462e22e32c7f03b667373ec0a84d95fba10e8ce2ead08f29fbddc63b671b0c1"
            ],
            "version": "==2.1"
        },
        "graphql-relay": {
            "hashes": [
                "sha256:2716b7245d97091af21abf096fabafac576905096d21ba7118fba722596f65db"
            ],
            "version": "==0.4.5"
        },
        "gunicorn": {
            "hashes": [
                "sha256:aa8e0b40b4157b36a5df5e599f45c9c76d6af43845ba3b3b0efe2c70473c2471",
                "sha256:fa2662097c66f920f53f70621c6c58ca4a3c4d3434205e608e121b5b3b71f4f3"
            ],
            "index": "pypi",
            "version": "==19.9.0"
        },
        "idna": {
            "hashes": [
                "sha256:c357b3f628cf53ae2c4c05627ecc484553142ca23264e593d327bcde5e9c3407",
                "sha256:ea8b7f6188e6fa117537c3df7da9fc686d485087abf6ac197f9c46432f7e4a3c"
            ],
            "version": "==2.8"
        },
        "itsdangerous": {
            "hashes": [
                "sha256:321b033d07f2a4136d3ec762eac9f16a10ccd60f53c0c91af90217ace7ba1f19",
                "sha256:b12271b2047cb23eeb98c8b5622e2e5c5e9abd9784a153e9d8ef9cb4dd09d749"
            ],
            "index": "pypi",
            "version": "==1.1.0"
        },
        "jinja2": {
            "hashes": [
                "sha256:74c935a1b8bb9a3947c50a54766a969d4846290e1e788ea44c1392163723c3bd",
                "sha256:f84be1bb0040caca4cea721fcbbbbd61f9be9464ca236387158b0feea01914a4"
            ],
            "index": "pypi",
            "version": "==2.10"
        },
        "jsmin": {
            "hashes": [
                "sha256:b6df99b2cd1c75d9d342e4335b535789b8da9107ec748212706ef7bbe5c2553b"
            ],
            "index": "pypi",
            "version": "==2.2.2"
        },
        "lxml": {
            "hashes": [
                "sha256:02bc220d61f46e9b9d5a53c361ef95e9f5e1d27171cd461dddb17677ae2289a5",
                "sha256:22f253b542a342755f6cfc047fe4d3a296515cf9b542bc6e261af45a80b8caf6",
                "sha256:2f31145c7ff665b330919bfa44aacd3a0211a76ca7e7b441039d2a0b0451e415",
                "sha256:36720698c29e7a9626a0dc802ef8885f8f0239bfd1689628ecd459a061f2807f",
                "sha256:438a1b0203545521f6616132bfe0f4bca86f8a401364008b30e2b26ec408ce85",
                "sha256:4815892904c336bbaf73dafd54f45f69f4021c22b5bad7332176bbf4fb830568",
                "sha256:5be031b0f15ad63910d8e5038b489d95a79929513b3634ad4babf77100602588",
                "sha256:5c93ae37c3c588e829b037fdfbd64a6e40c901d3f93f7beed6d724c44829a3ad",
                "sha256:60842230678674cdac4a1cf0f707ef12d75b9a4fc4a565add4f710b5fcf185d5",
                "sha256:62939a8bb6758d1bf923aa1c13f0bcfa9bf5b2fc0f5fa917a6e25db5fe0cfa4e",
                "sha256:75830c06a62fe7b8fe3bbb5f269f0b308f19f3949ac81cfd40062f47c1455faf",
                "sha256:81992565b74332c7c1aff6a913a3e906771aa81c9d0c68c68113cffcae45bc53",
                "sha256:8c892fb0ee52c594d9a7751c7d7356056a9682674b92cc1c4dc968ff0f30c52f",
                "sha256:9d862e3cf4fc1f2837dedce9c42269c8c76d027e49820a548ac89fdcee1e361f",
                "sha256:a623965c086a6e91bb703d4da62dabe59fe88888e82c4117d544e11fd74835d6",
                "sha256:a7783ab7f6a508b0510490cef9f857b763d796ba7476d9703f89722928d1e113",
                "sha256:aab09fbe8abfa3b9ce62aaf45aca2d28726b1b9ee44871dbe644050a2fff4940",
                "sha256:abf181934ac3ef193832fb973fd7f6149b5c531903c2ec0f1220941d73eee601",
                "sha256:ae07fa0c115733fce1e9da96a3ac3fa24801742ca17e917e0c79d63a01eeb843",
                "sha256:b9c78242219f674ab645ec571c9a95d70f381319a23911941cd2358a8e0521cf",
                "sha256:bccb267678b870d9782c3b44d0cefe3ba0e329f9af8c946d32bf3778e7a4f271",
                "sha256:c4df4d27f4c93b2cef74579f00b1d3a31a929c7d8023f870c4b476f03a274db4",
                "sha256:caf0e50b546bb60dfa99bb18dfa6748458a83131ecdceaf5c071d74907e7e78a",
                "sha256:d3266bd3ac59ac4edcd5fa75165dee80b94a3e5c91049df5f7c057ccf097551c",
                "sha256:db0d213987bcd4e6d41710fb4532b22315b0d8fb439ff901782234456556aed1",
                "sha256:dbbd5cf7690a40a9f0a9325ab480d0fccf46d16b378eefc08e195d84299bfae1",
                "sha256:e16e07a0ec3a75b5ee61f2b1003c35696738f937dc8148fbda9fe2147ccb6e61",
                "sha256:e175a006725c7faadbe69e791877d09936c0ef2cf49d01b60a6c1efcb0e8be6f",
                "sha256:edd9c13a97f6550f9da2236126bb51c092b3b1ce6187f2bd966533ad794bbb5e",
                "sha256:fa39ea60d527fbdd94215b5e5552f1c6a912624521093f1384a491a8ad89ad8b"
            ],
            "version": "==4.2.5"
        },
        "mako": {
            "hashes": [
                "sha256:4e02fde57bd4abb5ec400181e4c314f56ac3e49ba4fb8b0d50bba18cb27d25ae"
            ],
            "version": "==1.0.7"
        },
        "markupsafe": {
            "hashes": [
                "sha256:048ef924c1623740e70204aa7143ec592504045ae4429b59c30054cb31e3c432",
                "sha256:130f844e7f5bdd8e9f3f42e7102ef1d49b2e6fdf0d7526df3f87281a532d8c8b",
                "sha256:19f637c2ac5ae9da8bfd98cef74d64b7e1bb8a63038a3505cd182c3fac5eb4d9",
                "sha256:1b8a7a87ad1b92bd887568ce54b23565f3fd7018c4180136e1cf412b405a47af",
                "sha256:1c25694ca680b6919de53a4bb3bdd0602beafc63ff001fea2f2fc16ec3a11834",
                "sha256:1f19ef5d3908110e1e891deefb5586aae1b49a7440db952454b4e281b41620cd",
                "sha256:1fa6058938190ebe8290e5cae6c351e14e7bb44505c4a7624555ce57fbbeba0d",
                "sha256:31cbb1359e8c25f9f48e156e59e2eaad51cd5242c05ed18a8de6dbe85184e4b7",
                "sha256:3e835d8841ae7863f64e40e19477f7eb398674da6a47f09871673742531e6f4b",
                "sha256:4e97332c9ce444b0c2c38dd22ddc61c743eb208d916e4265a2a3b575bdccb1d3",
                "sha256:525396ee324ee2da82919f2ee9c9e73b012f23e7640131dd1b53a90206a0f09c",
                "sha256:52b07fbc32032c21ad4ab060fec137b76eb804c4b9a1c7c7dc562549306afad2",
                "sha256:52ccb45e77a1085ec5461cde794e1aa037df79f473cbc69b974e73940655c8d7",
                "sha256:5c3fbebd7de20ce93103cb3183b47671f2885307df4a17a0ad56a1dd51273d36",
                "sha256:5e5851969aea17660e55f6a3be00037a25b96a9b44d2083651812c99d53b14d1",
                "sha256:5edfa27b2d3eefa2210fb2f5d539fbed81722b49f083b2c6566455eb7422fd7e",
                "sha256:7d263e5770efddf465a9e31b78362d84d015cc894ca2c131901a4445eaa61ee1",
                "sha256:83381342bfc22b3c8c06f2dd93a505413888694302de25add756254beee8449c",
                "sha256:857eebb2c1dc60e4219ec8e98dfa19553dae33608237e107db9c6078b1167856",
                "sha256:98e439297f78fca3a6169fd330fbe88d78b3bb72f967ad9961bcac0d7fdd1550",
                "sha256:bf54103892a83c64db58125b3f2a43df6d2cb2d28889f14c78519394feb41492",
                "sha256:d9ac82be533394d341b41d78aca7ed0e0f4ba5a2231602e2f05aa87f25c51672",
                "sha256:e982fe07ede9fada6ff6705af70514a52beb1b2c3d25d4e873e82114cf3c5401",
                "sha256:edce2ea7f3dfc981c4ddc97add8a61381d9642dc3273737e756517cc03e84dd6",
                "sha256:efdc45ef1afc238db84cb4963aa689c0408912a0239b0721cb172b4016eb31d6",
                "sha256:f137c02498f8b935892d5c0172560d7ab54bc45039de8805075e19079c639a9c",
                "sha256:f82e347a72f955b7017a39708a3667f106e6ad4d10b25f237396a7115d8ed5fd",
                "sha256:fb7c206e01ad85ce57feeaaa0bf784b97fa3cad0d4a5737bc5295785f5c613a1"
            ],
            "index": "pypi",
            "version": "==1.1.0"
        },
        "misaka": {
            "hashes": [
                "sha256:62f35254550095d899fc2ab8b33e156fc5e674176f074959cbca43cf7912ecd7"
            ],
            "index": "pypi",
            "version": "==2.1.1"
        },
        "promise": {
            "hashes": [
                "sha256:2ebbfc10b7abf6354403ed785fe4f04b9dfd421eb1a474ac8d187022228332af",
                "sha256:348f5f6c3edd4fd47c9cd65aed03ac1b31136d375aa63871a57d3e444c85655c"
            ],
            "version": "==2.2.1"
        },
        "psycopg2": {
            "hashes": [
                "sha256:10e391687b171878181e71736d0effe3772314a339d9ae30995ec8171a0c834e",
                "sha256:1283f9d45e458c2dcb15ba89367923563f90ef636fe78ee22df75183484a0237",
                "sha256:1a9c32e4d140bea225f9821d993b2e53c913e717ea97b851246aa9b300095d8f",
                "sha256:1be6f2438d2b71fec7b07c3c0949dd321b04349c382907ea76b36120edec8300",
                "sha256:20ca6f29e118b8dd7133e8708b3fba2881e70a4e0841f874ed23985b7201a076",
                "sha256:227c115b3c1f65d61385e51ac690b91b584640aefb45bffacd4bd33d02ed7221",
                "sha256:27959abe64ca1fc6d8cd11a71a1f421d8287831a3262bd4cacd43bbf43cc3c82",
                "sha256:2b2daf1fe30a58300542aea679fd87d1e1c2afd36e7644837b7954fa2dbacb92",
                "sha256:36e51a51f295fdf67bcf05e7b1877011a6b39e6622b0013fe31c5025241873a3",
                "sha256:3992b9b914f2eb77dc07e8045d2ca979e491612808bc5c7cd68f307469acf9f6",
                "sha256:39a11de2335ad45ececed43ab851d36a4c52843d756471b940804f301792781e",
                "sha256:3c2afe9ef0d1649005e3ccf93c1aaccd6f8ee379530e763d3b3b77f406b7c0ae",
                "sha256:3fb18e0e52807fe3a300dc1b5421aa492d5e759550918f597d61863419482535",
                "sha256:55eab94de96ee9702f23283e9c8b03cfdb0001e2b14d5d2e1bd5ff8114b96b9f",
                "sha256:7e95c0ab7e7e6e452586f35d4d8966b1e924c8dd2c23977e3ea4968770ff1d26",
                "sha256:7f47514dbddf604f196fcfe5da955537f04691bef8124aff5632316a78d992b7",
                "sha256:8345370356bb4bddf93acbcfd0357163dd6b09471937adcfb38a2fbb49bdce53",
                "sha256:8bc6ecb220c0b88d3742042013129c817c44459795c97e9ce1bca70a3f37a53b",
                "sha256:8df623f248be15d1725faf5f333791678775047f12f17a90d29b5d22573f5cdc",
                "sha256:9645f1305e4268cc0fc88c823cd6c91de27c003e183c233a6a230e5e963039ee",
                "sha256:a68719ed5be8373dd72c9e45d55f7a202285e05a2e392eaa8872a67ea47d7d20",
                "sha256:aca0edf062ec09e954fdf0cc93d3a872362701210983a1442549e703aedec25d",
                "sha256:b0dd2114d93d8f424bb8ae76e0dc540f104b70ca9163172c05e7700b1459d4c9",
                "sha256:b2c09359d6802279efb9efb3f91a9c94567151baee95175f9b637ea628f35244",
                "sha256:ca7bc37b1efb7cc25271bf10f398462ed975d95259af1406d38fcb268466e34f",
                "sha256:e64235d9013ebf6319cb9654e08f5066112c34d8c4cc41186254ab9c3d6d5b9b",
                "sha256:ec9be679c0065667503851141c31fa699e1cc69ded3ba8e5d3673dd5a6eb1370",
                "sha256:eca00d0f91fcb44d88b12f1fd16ad138e38fa07debb79587e2b7ff1fe80d72b9",
                "sha256:f256e807b8b2b45b6af60d7f2bb5194aab2f4acc861241c4d8ef942a55f5030d",
                "sha256:fce7612a3bd6a7ba95799f88285653bf130bd7ca066b52674d5f850108b2aec0"
            ],
            "index": "pypi",
            "version": "==2.7.6.1"
        },
        "pycparser": {
            "hashes": [
                "sha256:a988718abfad80b6b157acce7bf130a30876d27603738ac39f140993246b25b3"
            ],
            "version": "==2.19"
        },
        "pyquery": {
            "hashes": [
                "sha256:07987c2ed2aed5cba29ff18af95e56e9eb04a2249f42ce47bddfb37f487229a3",
                "sha256:4771db76bd14352eba006463656aef990a0147a0eeaf094725097acfa90442bf"
            ],
            "index": "pypi",
            "version": "==1.4.0"
        },
        "python-dateutil": {
            "hashes": [
                "sha256:063df5763652e21de43de7d9e00ccf239f953a832941e37be541614732cdfc93",
                "sha256:88f9287c0174266bb0d8cedd395cfba9c58e87e5ad86b2ce58859bc11be3cf02"
            ],
            "version": "==2.7.5"
        },
        "python-editor": {
            "hashes": [
                "sha256:a3c066acee22a1c94f63938341d4fb374e3fdd69366ed6603d7b24bed1efc565"
            ],
            "version": "==1.0.3"
        },
        "redis": {
            "hashes": [
                "sha256:2100750629beff143b6a200a2ea8e719fcf26420adabb81402895e144c5083cf",
                "sha256:8e0bdd2de02e829b6225b25646f9fb9daffea99a252610d040409a6738541f0a"
            ],
            "index": "pypi",
            "version": "==3.0.1"
        },
        "requests": {
            "hashes": [
                "sha256:502a824f31acdacb3a35b6690b5fbf0bc41d63a24a45c4004352b0242707598e",
                "sha256:7bf2a778576d825600030a110f3c0e3e8edc51dfaafe1c146e39a2027784957b"
            ],
            "index": "pypi",
            "version": "==2.21.0"
        },
        "rx": {
            "hashes": [
                "sha256:13a1d8d9e252625c173dc795471e614eadfe1cf40ffc684e08b8fff0d9748c23",
                "sha256:7357592bc7e881a95e0c2013b73326f704953301ab551fbc8133a6fadab84105"
            ],
            "version": "==1.6.1"
        },
        "six": {
            "hashes": [
                "sha256:3350809f0555b11f552448330d0b52d5f24c91a322ea4a15ef22629740f3761c",
                "sha256:d16a0141ec1a18405cd4ce8b4613101da75da0e9a7aec5bdd4fa804d0e0eba73"
            ],
            "version": "==1.12.0"
        },
        "sqlalchemy": {
            "hashes": [
                "sha256:809547455d012734b4252081db1e6b4fc731de2299f3755708c39863625e1c77"
            ],
            "index": "pypi",
            "version": "==1.2.15"
        },
        "urllib3": {
            "hashes": [
                "sha256:61bf29cada3fc2fbefad4fdf059ea4bd1b4a86d2b6d15e1c7c0b582b9752fe39",
                "sha256:de9529817c93f27c8ccbfead6985011db27bd0ddfcdb2d86f3f663385c6a9c22"
            ],
            "version": "==1.24.1"
        },
        "webassets": {
            "hashes": [
                "sha256:e7d9c8887343123fd5b32309b33167428cb1318cdda97ece12d0907fd69d38db"
            ],
            "version": "==0.12.1"
        },
        "webencodings": {
            "hashes": [
                "sha256:a0af1213f3c2226497a97e2b3aa01a7e4bee4f403f95be16fc9acd2947514a78",
                "sha256:b36a1c245f2d304965eb4e0a82848379241dc04b865afcc4aab16748587e1923"
            ],
            "version": "==0.5.1"
        },
        "werkzeug": {
            "hashes": [
                "sha256:c3fd7a7d41976d9f44db327260e263132466836cef6f91512889ed60ad26557c",
                "sha256:d5da73735293558eb1651ee2fddc4d0dedcfa06538b8813a2e20011583c9e49b"
            ],
            "index": "pypi",
            "version": "==0.14.1"
        },
        "wtforms": {
            "hashes": [
                "sha256:0cdbac3e7f6878086c334aa25dc5a33869a3954e9d1e015130d65a69309b3b61",
                "sha256:e3ee092c827582c50877cdbd49e9ce6d2c5c1f6561f849b3b068c1b8029626f1"
            ],
            "index": "pypi",
            "version": "==2.2.1"
        }
    },
    "develop": {
        "atomicwrites": {
            "hashes": [
                "sha256:0312ad34fcad8fac3704d441f7b317e50af620823353ec657a53e981f92920c0",
                "sha256:ec9ae8adaae229e4f8446952d204a3e4b5fdd2d099f9be3aaf556120135fb3ee"
            ],
            "version": "==1.2.1"
        },
        "attrs": {
            "hashes": [
                "sha256:10cbf6e27dbce8c30807caf056c8eb50917e0eaafe86347671b57254006c3e69",
                "sha256:ca4be454458f9dec299268d472aaa5a11f67a4ff70093396e1ceae9c76cf4bbb"
            ],
            "version": "==18.2.0"
        },
        "beautifulsoup4": {
            "hashes": [
                "sha256:194ec62a25438adcb3fdb06378b26559eda1ea8a747367d34c33cef9c7f48d57",
                "sha256:90f8e61121d6ae58362ce3bed8cd997efb00c914eae0ff3d363c32f9a9822d10",
                "sha256:f0abd31228055d698bb392a826528ea08ebb9959e6bea17c606fd9c9009db938"
            ],
            "version": "==4.6.3"
        },
        "blinker": {
            "hashes": [
                "sha256:471aee25f3992bd325afa3772f1063dbdbbca947a041b8b89466dc00d606f8b6"
            ],
            "version": "==1.4"
        },
        "click": {
            "hashes": [
                "sha256:2335065e6395b9e67ca716de5f7526736bfa6ceead690adf616d925bdc622b13",
                "sha256:5b94b49521f6456670fdb30cd82a4eca9412788a93fa6dd6df72c94d5a8ff2d7"
            ],
            "index": "pypi",
            "version": "==7.0"
        },
        "factory-boy": {
            "hashes": [
                "sha256:6f25cc4761ac109efd503f096e2ad99421b1159f01a29dbb917359dcd68e08ca",
                "sha256:d552cb872b310ae78bd7429bf318e42e1e903b1a109e899a523293dfa762ea4f"
            ],
            "index": "pypi",
            "version": "==2.11.1"
        },
        "faker": {
            "hashes": [
                "sha256:228419b0a788a7ac867ebfafdd438461559ab1a0975edb607300852d9acaa78d",
                "sha256:52a3dcc6a565b15fe1c95090321756d5a8a7c1caf5ab3df2f573ed70936ff518"
            ],
            "version": "==1.0.1"
        },
        "flake8": {
            "hashes": [
                "sha256:6a35f5b8761f45c5513e3405f110a86bea57982c3b75b766ce7b65217abe1670",
                "sha256:c01f8a3963b3571a8e6bd7a4063359aff90749e160778e03817cd9b71c9e07d2"
            ],
            "index": "pypi",
            "version": "==3.6.0"
        },
        "flake8-blind-except": {
            "hashes": [
                "sha256:aca3356633825544cec51997260fe31a8f24a1a2795ce8e81696b9916745e599"
            ],
            "index": "pypi",
            "version": "==0.1.1"
        },
        "flake8-debugger": {
            "hashes": [
                "sha256:be4fb88de3ee8f6dd5053a2d347e2c0a2b54bab6733a2280bb20ebd3c4ca1d97"
            ],
            "index": "pypi",
            "version": "==3.1.0"
        },
        "flake8-docstrings": {
            "hashes": [
                "sha256:4e0ce1476b64e6291520e5570cf12b05016dd4e8ae454b8a8a9a48bc5f84e1cd",
                "sha256:8436396b5ecad51a122a2c99ba26e5b4e623bf6e913b0fea0cb6c2c4050f91eb"
            ],
            "index": "pypi",
            "version": "==1.3.0"
        },
        "flake8-isort": {
            "hashes": [
                "sha256:3c107c405dd6e3dbdcccb2f84549d76d58a07120cd997a0560fab8b84c305f2a",
                "sha256:76d7dd6aec2762c608b442abebb0aaedb72fc75f9a075241a89e4784d8a39900"
            ],
            "index": "pypi",
            "version": "==2.6.0"
        },
        "flake8-polyfill": {
            "hashes": [
                "sha256:12be6a34ee3ab795b19ca73505e7b55826d5f6ad7230d31b18e106400169b9e9",
                "sha256:e44b087597f6da52ec6393a709e7108b2905317d0c0b744cdca6208e670d8eda"
            ],
            "version": "==1.0.2"
        },
        "flake8-quotes": {
            "hashes": [
                "sha256:fd9127ad8bbcf3b546fa7871a5266fd8623ce765ebe3d5aa5eabb80c01212b26"
            ],
            "index": "pypi",
            "version": "==1.0.0"
        },
        "flask": {
            "hashes": [
                "sha256:2271c0070dbcb5275fad4a82e29f23ab92682dc45f9dfbc22c02ba9b9322ce48",
                "sha256:a080b744b7e345ccfcbc77954861cb05b3c63786e93f2b3875e0913d44b43f05"
            ],
            "index": "pypi",
            "version": "==1.0.2"
        },
        "flask-debugtoolbar": {
            "hashes": [
                "sha256:3d9657bc0c3633ace429e3ff451742bb59d1b7a7b95c9eb23a65ac9be2812959",
                "sha256:ec810083123aae0632eb32ba11e1cb4cdace81e7ce6c5009dd06c5204afbce52"
            ],
            "index": "pypi",
            "version": "==0.10.1"
        },
        "isort": {
            "hashes": [
                "sha256:1153601da39a25b14ddc54955dbbacbb6b2d19135386699e2ad58517953b34af",
                "sha256:b9c40e9750f3d77e6e4d441d8b0266cf555e7cdabdcff33c4fd06366ca761ef8",
                "sha256:ec9ef8f4a9bc6f71eec99e1806bfa2de401650d996c59330782b89a5555c1497"
            ],
            "index": "pypi",
            "version": "==4.3.4"
        },
        "itsdangerous": {
            "hashes": [
                "sha256:321b033d07f2a4136d3ec762eac9f16a10ccd60f53c0c91af90217ace7ba1f19",
                "sha256:b12271b2047cb23eeb98c8b5622e2e5c5e9abd9784a153e9d8ef9cb4dd09d749"
            ],
            "index": "pypi",
            "version": "==1.1.0"
        },
        "jinja2": {
            "hashes": [
                "sha256:74c935a1b8bb9a3947c50a54766a969d4846290e1e788ea44c1392163723c3bd",
                "sha256:f84be1bb0040caca4cea721fcbbbbd61f9be9464ca236387158b0feea01914a4"
            ],
            "index": "pypi",
            "version": "==2.10"
        },
        "markupsafe": {
            "hashes": [
                "sha256:048ef924c1623740e70204aa7143ec592504045ae4429b59c30054cb31e3c432",
                "sha256:130f844e7f5bdd8e9f3f42e7102ef1d49b2e6fdf0d7526df3f87281a532d8c8b",
                "sha256:19f637c2ac5ae9da8bfd98cef74d64b7e1bb8a63038a3505cd182c3fac5eb4d9",
                "sha256:1b8a7a87ad1b92bd887568ce54b23565f3fd7018c4180136e1cf412b405a47af",
                "sha256:1c25694ca680b6919de53a4bb3bdd0602beafc63ff001fea2f2fc16ec3a11834",
                "sha256:1f19ef5d3908110e1e891deefb5586aae1b49a7440db952454b4e281b41620cd",
                "sha256:1fa6058938190ebe8290e5cae6c351e14e7bb44505c4a7624555ce57fbbeba0d",
                "sha256:31cbb1359e8c25f9f48e156e59e2eaad51cd5242c05ed18a8de6dbe85184e4b7",
                "sha256:3e835d8841ae7863f64e40e19477f7eb398674da6a47f09871673742531e6f4b",
                "sha256:4e97332c9ce444b0c2c38dd22ddc61c743eb208d916e4265a2a3b575bdccb1d3",
                "sha256:525396ee324ee2da82919f2ee9c9e73b012f23e7640131dd1b53a90206a0f09c",
                "sha256:52b07fbc32032c21ad4ab060fec137b76eb804c4b9a1c7c7dc562549306afad2",
                "sha256:52ccb45e77a1085ec5461cde794e1aa037df79f473cbc69b974e73940655c8d7",
                "sha256:5c3fbebd7de20ce93103cb3183b47671f2885307df4a17a0ad56a1dd51273d36",
                "sha256:5e5851969aea17660e55f6a3be00037a25b96a9b44d2083651812c99d53b14d1",
                "sha256:5edfa27b2d3eefa2210fb2f5d539fbed81722b49f083b2c6566455eb7422fd7e",
                "sha256:7d263e5770efddf465a9e31b78362d84d015cc894ca2c131901a4445eaa61ee1",
                "sha256:83381342bfc22b3c8c06f2dd93a505413888694302de25add756254beee8449c",
                "sha256:857eebb2c1dc60e4219ec8e98dfa19553dae33608237e107db9c6078b1167856",
                "sha256:98e439297f78fca3a6169fd330fbe88d78b3bb72f967ad9961bcac0d7fdd1550",
                "sha256:bf54103892a83c64db58125b3f2a43df6d2cb2d28889f14c78519394feb41492",
                "sha256:d9ac82be533394d341b41d78aca7ed0e0f4ba5a2231602e2f05aa87f25c51672",
                "sha256:e982fe07ede9fada6ff6705af70514a52beb1b2c3d25d4e873e82114cf3c5401",
                "sha256:edce2ea7f3dfc981c4ddc97add8a61381d9642dc3273737e756517cc03e84dd6",
                "sha256:efdc45ef1afc238db84cb4963aa689c0408912a0239b0721cb172b4016eb31d6",
                "sha256:f137c02498f8b935892d5c0172560d7ab54bc45039de8805075e19079c639a9c",
                "sha256:f82e347a72f955b7017a39708a3667f106e6ad4d10b25f237396a7115d8ed5fd",
                "sha256:fb7c206e01ad85ce57feeaaa0bf784b97fa3cad0d4a5737bc5295785f5c613a1"
            ],
            "index": "pypi",
            "version": "==1.1.0"
        },
        "mccabe": {
            "hashes": [
                "sha256:ab8a6258860da4b6677da4bd2fe5dc2c659cff31b3ee4f7f5d64e79735b80d42",
                "sha256:dd8d182285a0fe56bace7f45b5e7d1a6ebcbf524e8f3bd87eb0f125271b8831f"
            ],
            "version": "==0.6.1"
        },
        "more-itertools": {
            "hashes": [
                "sha256:c187a73da93e7a8acc0001572aebc7e3c69daf7bf6881a2cea10650bd4420092",
                "sha256:c476b5d3a34e12d40130bc2f935028b5f636df8f372dc2c1c01dc19681b2039e",
                "sha256:fcbfeaea0be121980e15bc97b3817b5202ca73d0eae185b4550cbfce2a3ebb3d"
            ],
            "version": "==4.3.0"
        },
        "pep8-naming": {
            "hashes": [
                "sha256:360308d2c5d2fff8031c1b284820fbdb27a63274c0c1a8ce884d631836da4bdd",
                "sha256:624258e0dd06ef32a9daf3c36cc925ff7314da7233209c5b01f7e5cdd3c34826"
            ],
            "index": "pypi",
            "version": "==0.7.0"
        },
        "pluggy": {
            "hashes": [
                "sha256:447ba94990e8014ee25ec853339faf7b0fc8050cdc3289d4d71f7f410fb90095",
                "sha256:bde19360a8ec4dfd8a20dcb811780a30998101f078fc7ded6162f0076f50508f"
            ],
            "version": "==0.8.0"
        },
        "py": {
            "hashes": [
                "sha256:bf92637198836372b520efcba9e020c330123be8ce527e535d185ed4b6f45694",
                "sha256:e76826342cefe3c3d5f7e8ee4316b80d1dd8a300781612ddbc765c17ba25a6c6"
            ],
            "version": "==1.7.0"
        },
        "pycodestyle": {
            "hashes": [
                "sha256:cbc619d09254895b0d12c2c691e237b2e91e9b2ecf5e84c26b35400f93dcfb83",
                "sha256:cbfca99bd594a10f674d0cd97a3d802a1fdef635d4361e1a2658de47ed261e3a"
            ],
            "version": "==2.4.0"
        },
        "pydocstyle": {
            "hashes": [
                "sha256:2258f9b0df68b97bf3a6c29003edc5238ff8879f1efb6f1999988d934e432bd8",
                "sha256:5741c85e408f9e0ddf873611085e819b809fca90b619f5fd7f34bd4959da3dd4",
                "sha256:ed79d4ec5e92655eccc21eb0c6cf512e69512b4a97d215ace46d17e4990f2039"
            ],
            "version": "==3.0.0"
        },
        "pyflakes": {
            "hashes": [
                "sha256:9a7662ec724d0120012f6e29d6248ae3727d821bba522a0e6b356eff19126a49",
                "sha256:f661252913bc1dbe7fcfcbf0af0db3f42ab65aabd1a6ca68fe5d466bace94dae"
            ],
            "version": "==2.0.0"
        },
        "pytest": {
            "hashes": [
                "sha256:f689bf2fc18c4585403348dd56f47d87780bf217c53ed9ae7a3e2d7faa45f8e9",
                "sha256:f812ea39a0153566be53d88f8de94839db1e8a05352ed8a49525d7d7f37861e9"
            ],
            "index": "pypi",
            "version": "==4.0.2"
        },
        "python-dateutil": {
            "hashes": [
                "sha256:063df5763652e21de43de7d9e00ccf239f953a832941e37be541614732cdfc93",
                "sha256:88f9287c0174266bb0d8cedd395cfba9c58e87e5ad86b2ce58859bc11be3cf02"
            ],
            "version": "==2.7.5"
        },
        "six": {
            "hashes": [
                "sha256:3350809f0555b11f552448330d0b52d5f24c91a322ea4a15ef22629740f3761c",
                "sha256:d16a0141ec1a18405cd4ce8b4613101da75da0e9a7aec5bdd4fa804d0e0eba73"
            ],
            "version": "==1.12.0"
        },
        "snowballstemmer": {
            "hashes": [
                "sha256:919f26a68b2c17a7634da993d91339e288964f93c274f1343e3bbbe2096e1128",
                "sha256:9f3bcd3c401c3e862ec0ebe6d2c069ebc012ce142cce209c098ccb5b09136e89"
            ],
            "version": "==1.2.1"
        },
        "testfixtures": {
            "hashes": [
                "sha256:334497d26344e8c0c5d01b4d785a1c83464573151e6a5f7ab250eb7981d452ec",
                "sha256:53c06c1feb0bf378d63c54d1d96858978422d5a34793b39f0dcb0e44f8ec26f4"
            ],
            "version": "==6.3.0"
        },
        "text-unidecode": {
            "hashes": [
                "sha256:5a1375bb2ba7968740508ae38d92e1f889a0832913cb1c447d5e2046061a396d",
                "sha256:801e38bd550b943563660a91de8d4b6fa5df60a542be9093f7abf819f86050cc"
            ],
            "version": "==1.2"
        },
        "waitress": {
            "hashes": [
                "sha256:40b0f297a7f3af61fbfbdc67e59090c70dc150a1601c39ecc9f5f1d283fb931b",
                "sha256:d33cd3d62426c0f1b3cd84ee3d65779c7003aae3fc060dee60524d10a57f05a9"
            ],
            "version": "==1.1.0"
        },
        "webob": {
            "hashes": [
                "sha256:a48315158db05df0c47fbdd061b57ba0ba85bdd0b6ea9dca87511b4b7c798e99",
                "sha256:fc8c466af474e2e2775f1aef7afb902ed8b82e597eb0b13624818a34e8bfe720"
            ],
            "version": "==1.8.4"
        },
        "webtest": {
            "hashes": [
                "sha256:4221020d502ff414c5fba83c1213985b83219cb1cc611fe58aa4feaf96b5e062",
                "sha256:9f1e6faad0b732911793e4d6f54aede292b0c3ee0b3ef7afb2011ec4f4044cc8"
            ],
            "index": "pypi",
            "version": "==2.0.32"
        },
        "werkzeug": {
            "hashes": [
                "sha256:c3fd7a7d41976d9f44db327260e263132466836cef6f91512889ed60ad26557c",
                "sha256:d5da73735293558eb1651ee2fddc4d0dedcfa06538b8813a2e20011583c9e49b"
            ],
            "index": "pypi",
            "version": "==0.14.1"
        }
    }
}
