# THIS IS AN AUTOGENERATED FILE. DO NOT EDIT THIS FILE DIRECTLY.
# yarn lockfile v1


bootstrap@^4.3.1:
  version "4.4.1"
  resolved "https://registry.yarnpkg.com/bootstrap/-/bootstrap-4.4.1.tgz#8582960eea0c5cd2bede84d8b0baf3789c3e8b01"
  integrity sha512-tbx5cHubwE6e2ZG7nqM3g/FZ5PQEDMWmMGNrCUBVRPHXTJaH7CBDdsLeu3eCh3B1tzAxTnAbtmrzvWEvT2NNEA==

font-awesome@^4.7.0:
  version "4.7.0"
  resolved "https://registry.yarnpkg.com/font-awesome/-/font-awesome-4.7.0.tgz#8fa8cf0411a1a31afd07b06d2902bb9fc815a133"
  integrity sha1-j6jPBBGhoxr9B7BtKQK7n8gVoTM=

jquery@^3.4.1:
  version "3.5.0"
  resolved "https://registry.yarnpkg.com/jquery/-/jquery-3.5.0.tgz#9980b97d9e4194611c36530e7dc46a58d7340fc9"
  integrity sha512-Xb7SVYMvygPxbFMpTFQiHh1J7HClEaThguL15N/Gg37Lri/qKyhRGZYzHRyLH8Stq3Aow0LsHO2O2ci86fCrNQ==

popper.js@^1.15.0:
  version "1.16.1"
  resolved "https://registry.yarnpkg.com/popper.js/-/popper.js-1.16.1.tgz#2a223cb3dc7b6213d740e40372be40de43e65b1b"
  integrity sha512-Wb4p1J4zyFTbM+u6WuO4XstYx4Ky9Cewe4DWrel7B0w6VVICvPwdOpotjzcf6eD8TsckVnIMNONQyPIUFOUbCQ==
